<Solution>
    <Project Path="KgTest/KgTest.csproj" />
    <Project Path="KgWebApi.Net/KgWebApi.Net.csproj" />
    <Project Path="KuGou.Net.Native/KuGou.Net.Native.csproj" />
    <Project Path="KuGou.Net/KuGou.Net.csproj" />
    <Project Path="KugouAvaloniaPlayer\KugouAvaloniaPlayer.csproj" />
    <Project Path="SimpleAudio\SimpleAudio.csproj" />
</Solution>
